{
  "requires": true,
  "lockfileVersion": 1,
  "dependencies": {
    "gitgraph.js": {
      "version": "1.11.4",
      "resolved": "https://registry.npmjs.org/gitgraph.js/-/gitgraph.js-1.11.4.tgz",
      "integrity": "sha512-dST+TPbuaE3oa4uz1zDe629vYkK7zEcPPy6/nQlW06Y+HQCA4cZuFOLzMCZsLZh9N++Qk6dzRqgrjKkNC+U3lg=="
    }
  }
}
